
Microsoft Visual Studio Solution File, Format Version 12.00
# Visual Studio Version 17
VisualStudioVersion = 17.1.32319.34
MinimumVisualStudioVersion = 10.0.40219.1
Project("{FAE04EC0-301F-11D3-BF4B-00C04F79EFBC}") = "Lesson1_ConsoleApp", "Lesson1_ConsoleApp\Lesson1_ConsoleApp.csproj", "{FB005E80-00CD-486E-8D1C-FAACD888A085}"
EndProject
Project("{FAE04EC0-301F-11D3-BF4B-00C04F79EFBC}") = "WinFormsIntro", "WinFormsIntro\WinFormsIntro.csproj", "{75B795C6-BD31-48B4-A1EB-5B83304E5D8C}"
EndProject
Global
	GlobalSection(SolutionConfigurationPlatforms) = preSolution
		Debug|Any CPU = Debug|Any CPU
		Release|Any CPU = Release|Any CPU
	EndGlobalSection
	GlobalSection(ProjectConfigurationPlatforms) = postSolution
		{FB005E80-00CD-486E-8D1C-FAACD888A085}.Debug|Any CPU.ActiveCfg = Debug|Any CPU
		{FB005E80-00CD-486E-8D1C-FAACD888A085}.Debug|Any CPU.Build.0 = Debug|Any CPU
		{FB005E80-00CD-486E-8D1C-FAACD888A085}.Release|Any CPU.ActiveCfg = Release|Any CPU
		{FB005E80-00CD-486E-8D1C-FAACD888A085}.Release|Any CPU.Build.0 = Release|Any CPU
		{75B795C6-BD31-48B4-A1EB-5B83304E5D8C}.Debug|Any CPU.ActiveCfg = Debug|Any CPU
		{75B795C6-BD31-48B4-A1EB-5B83304E5D8C}.Debug|Any CPU.Build.0 = Debug|Any CPU
		{75B795C6-BD31-48B4-A1EB-5B83304E5D8C}.Release|Any CPU.ActiveCfg = Release|Any CPU
		{75B795C6-BD31-48B4-A1EB-5B83304E5D8C}.Release|Any CPU.Build.0 = Release|Any CPU
	EndGlobalSection
	GlobalSection(SolutionProperties) = preSolution
		HideSolutionNode = FALSE
	EndGlobalSection
	GlobalSection(ExtensibilityGlobals) = postSolution
		SolutionGuid = {6011BA3E-98B7-4D19-935C-469550E0BBDD}
	EndGlobalSection
EndGlobal
